
Microsoft Visual Studio Solution File, Format Version 12.00
# Visual Studio Version 17
VisualStudioVersion = 17.14.37628.2 d17.14
MinimumVisualStudioVersion = 10.0.40219.1
Project("{FAE04EC0-301F-11D3-BF4B-00C04F79EFBC}") = "StorageServer", "StorageServer\StorageServer.csproj", "{19635A3A-79C9-4571-84E9-D619A54584BE}"
EndProject
Global
	GlobalSection(SolutionConfigurationPlatforms) = preSolution
		Debug|Any CPU = Debug|Any CPU
		Release|Any CPU = Release|Any CPU
	EndGlobalSection
	GlobalSection(ProjectConfigurationPlatforms) = postSolution
		{19635A3A-79C9-4571-84E9-D619A54584BE}.Debug|Any CPU.ActiveCfg = Debug|Any CPU
		{19635A3A-79C9-4571-84E9-D619A54584BE}.Debug|Any CPU.Build.0 = Debug|Any CPU
		{19635A3A-79C9-4571-84E9-D619A54584BE}.Release|Any CPU.ActiveCfg = Release|Any CPU
		{19635A3A-79C9-4571-84E9-D619A54584BE}.Release|Any CPU.Build.0 = Release|Any CPU
	EndGlobalSection
	GlobalSection(SolutionProperties) = preSolution
		HideSolutionNode = FALSE
	EndGlobalSection
	GlobalSection(ExtensibilityGlobals) = postSolution
		SolutionGuid = {DA9B7EEE-E4F8-4280-B282-CF5F63C25A38}
	EndGlobalSection
EndGlobal
